
Microsoft Visual Studio Solution File, Format Version 12.00
# Visual Studio Version 17
VisualStudioVersion = 17.10.35013.160
MinimumVisualStudioVersion = 10.0.40219.1
Project("{FAE04EC0-301F-11D3-BF4B-00C04F79EFBC}") = "StoredProcMVC", "StoredProcMVC\StoredProcMVC.csproj", "{7E676FE7-0B14-4FAC-8553-C303586751F7}"
EndProject
Global
	GlobalSection(SolutionConfigurationPlatforms) = preSolution
		Debug|Any CPU = Debug|Any CPU
		Release|Any CPU = Release|Any CPU
	EndGlobalSection
	GlobalSection(ProjectConfigurationPlatforms) = postSolution
		{7E676FE7-0B14-4FAC-8553-C303586751F7}.Debug|Any CPU.ActiveCfg = Debug|Any CPU
		{7E676FE7-0B14-4FAC-8553-C303586751F7}.Debug|Any CPU.Build.0 = Debug|Any CPU
		{7E676FE7-0B14-4FAC-8553-C303586751F7}.Release|Any CPU.ActiveCfg = Release|Any CPU
		{7E676FE7-0B14-4FAC-8553-C303586751F7}.Release|Any CPU.Build.0 = Release|Any CPU
	EndGlobalSection
	GlobalSection(SolutionProperties) = preSolution
		HideSolutionNode = FALSE
	EndGlobalSection
	GlobalSection(ExtensibilityGlobals) = postSolution
		SolutionGuid = {2FD23A4F-18CC-4D37-AEB6-222830B54D70}
	EndGlobalSection
EndGlobal
